<?xml version="1.0" encoding="UTF-8" standalone="yes" ?>
<CodeBlocks_project_file>
	<FileVersion major="1" minor="6" />
	<Project>
		<Option title="detection_sample" />
		<Option pch_mode="2" />
		<Option compiler="msvc10" />
		<Build>
			<Target title="x86-vc10">
				<Option output="detection_sample" prefix_auto="1" extension_auto="1" />
				<Option working_dir=".." />
				<Option object_output="obj/x86-vc10" />
				<Option type="1" />
				<Option compiler="msvc10" />
				<Compiler>
					<Add option="/MD" />
					<Add option="/Ox" />
					<Add option="/DNDEBUG" />
					<Add directory="../include" />
				</Compiler>
				<Linker>
					<Add library="eSPDI.lib" />
					<Add library="opencv_core2410.lib" />
					<Add library="opencv_imgproc2410.lib" />
					<Add library="opencv_highgui2410.lib" />
					<Add library="opencv_objdetect2410.lib" />
					<Add library="liborsens.lib" />
					<Add directory="../lib/x86/vc10" />
					<Add directory="../bin" />
				</Linker>
			</Target>
		</Build>
		<Compiler>
			<Add option="/W3" />
			<Add option="/EHsc" />
		</Compiler>
		<Unit filename="detection_sample.cpp" />
		<Extensions>
			<code_completion />
			<envvars />
			<debugger />
			<lib_finder disable_auto="1" />
		</Extensions>
	</Project>
</CodeBlocks_project_file>
